<?xml version="1.0" encoding="UTF-8"?>
<Project xmlns="http://schemas.microsoft.com/developer/msbuild/2003" ToolsVersion="4.0">
    <ItemGroup>
        <Filter Include="header">
            <UniqueIdentifier>{1A261A1F-8E0A-4AC1-87F8-06CC92583303}</UniqueIdentifier>
            <Extensions>h;hpp</Extensions>
        </Filter>
        <Filter Include="resource">
            <UniqueIdentifier>{26D1B33B-DE60-4F78-BFFC-2D64A46149CB}</UniqueIdentifier>
            <Extensions>hlsl;jpg;jpeg;png;wav;mp3;ico;dds;rc;obj</Extensions>
        </Filter>
        <Filter Include="source">
            <UniqueIdentifier>{380D9ADD-2D69-4B5E-B6B9-21E75C85D721}</UniqueIdentifier>
            <Extensions>cpp;c</Extensions>
        </Filter>
    </ItemGroup>
    <ItemGroup>
        <ClCompile Include="..\..\..\src\Sample\DummyEntity.cpp">
            <Filter>source</Filter>
        </ClCompile>
        <ClCompile Include="..\..\..\src\Sample\Enemy.cpp">
            <Filter>source</Filter>
        </ClCompile>
        <ClCompile Include="..\..\..\src\Sample\main.cpp">
            <Filter>source</Filter>
        </ClCompile>
        <ClCompile Include="..\..\..\src\Sample\SampleScene.cpp">
            <Filter>source</Filter>
        </ClCompile>
        <ClInclude Include="..\..\..\src\Sample\DummyEntity.h">
            <Filter>header</Filter>
        </ClInclude>
        <ClInclude Include="..\..\..\src\Sample\Enemy.h">
            <Filter>header</Filter>
        </ClInclude>
        <ClInclude Include="..\..\..\src\Sample\SampleScene.h">
            <Filter>header</Filter>
        </ClInclude>
    </ItemGroup>
</Project>
