<?xml version="1.0" encoding="UTF-8"?>
<Project xmlns="http://schemas.microsoft.com/developer/msbuild/2003" ToolsVersion="4.0">
    <ItemGroup>
        <Filter Include="header">
            <UniqueIdentifier>{4AF7217D-189F-4BBE-AE9C-593C399B56D8}</UniqueIdentifier>
            <Extensions>h;hpp</Extensions>
        </Filter>
        <Filter Include="resource">
            <UniqueIdentifier>{AC1BDABA-F0D0-46DB-A908-CC94168BF943}</UniqueIdentifier>
            <Extensions>hlsl;jpg;jpeg;png;wav;mp3;ico;dds;rc;obj</Extensions>
        </Filter>
        <Filter Include="source">
            <UniqueIdentifier>{B835E0E4-53F3-4989-936A-3EEC4421C773}</UniqueIdentifier>
            <Extensions>cpp;c</Extensions>
        </Filter>
    </ItemGroup>
    <ItemGroup>
        <ClCompile Include="..\..\..\src\Sample\DummyEntity.cpp">
            <Filter>source</Filter>
        </ClCompile>
        <ClCompile Include="..\..\..\src\Sample\Enemy.cpp">
            <Filter>source</Filter>
        </ClCompile>
        <ClCompile Include="..\..\..\src\Sample\main.cpp">
            <Filter>source</Filter>
        </ClCompile>
        <ClCompile Include="..\..\..\src\Sample\SampleScene.cpp">
            <Filter>source</Filter>
        </ClCompile>
        <ClInclude Include="..\..\..\src\Sample\DummyEntity.h">
            <Filter>header</Filter>
        </ClInclude>
        <ClInclude Include="..\..\..\src\Sample\Enemy.h">
            <Filter>header</Filter>
        </ClInclude>
        <ClInclude Include="..\..\..\src\Sample\SampleScene.h">
            <Filter>header</Filter>
        </ClInclude>
    </ItemGroup>
</Project>
